# This file is autogenerated, do not edit; changes may be undone by the next 'dep ensure'.


[[projects]]
  digest = "1:6f22dc7092f07889c9221dee0486231806e5a8adb9653ad53786e9839a228ac7"
  name = "github.com/segmentio/kafka-go"
  packages = ["."]
  pruneopts = "UT"
  revision = "c6db9435477f3cb658e2dd0fa93e02118c870251"
  version = "v0.2.0"

[solve-meta]
  analyzer-name = "dep"
  analyzer-version = 1
  input-imports = ["github.com/segmentio/kafka-go"]
  solver-name = "gps-cdcl"
  solver-version = 1
